
Microsoft Visual Studio Solution File, Format Version 12.00
# Visual Studio Version 16
VisualStudioVersion = 16.0.30907.101
MinimumVisualStudioVersion = 10.0.40219.1
Project("{FAE04EC0-301F-11D3-BF4B-00C04F79EFBC}") = "pdf1", "pdf1\pdf1.csproj", "{322EDA82-EE9A-4E44-989B-4FB953B47367}"
EndProject
Global
	GlobalSection(SolutionConfigurationPlatforms) = preSolution
		Debug|Any CPU = Debug|Any CPU
		Release|Any CPU = Release|Any CPU
	EndGlobalSection
	GlobalSection(ProjectConfigurationPlatforms) = postSolution
		{322EDA82-EE9A-4E44-989B-4FB953B47367}.Debug|Any CPU.ActiveCfg = Debug|Any CPU
		{322EDA82-EE9A-4E44-989B-4FB953B47367}.Debug|Any CPU.Build.0 = Debug|Any CPU
		{322EDA82-EE9A-4E44-989B-4FB953B47367}.Release|Any CPU.ActiveCfg = Release|Any CPU
		{322EDA82-EE9A-4E44-989B-4FB953B47367}.Release|Any CPU.Build.0 = Release|Any CPU
	EndGlobalSection
	GlobalSection(SolutionProperties) = preSolution
		HideSolutionNode = FALSE
	EndGlobalSection
	GlobalSection(ExtensibilityGlobals) = postSolution
		SolutionGuid = {DA5310B9-6E6B-48E4-A75C-3DC6184A8798}
	EndGlobalSection
EndGlobal
